
Microsoft Visual Studio Solution File, Format Version 12.00
# Visual Studio Version 17
VisualStudioVersion = 17.12.35323.107
MinimumVisualStudioVersion = 10.0.40219.1
Project("{FAE04EC0-301F-11D3-BF4B-00C04F79EFBC}") = "WebApplicationDay5Part1", "WebApplicationDay5Part1\WebApplicationDay5Part1.csproj", "{A2DE3E0A-39D1-4EF5-B03E-5594F7FD7651}"
EndProject
Global
	GlobalSection(SolutionConfigurationPlatforms) = preSolution
		Debug|Any CPU = Debug|Any CPU
		Release|Any CPU = Release|Any CPU
	EndGlobalSection
	GlobalSection(ProjectConfigurationPlatforms) = postSolution
		{A2DE3E0A-39D1-4EF5-B03E-5594F7FD7651}.Debug|Any CPU.ActiveCfg = Debug|Any CPU
		{A2DE3E0A-39D1-4EF5-B03E-5594F7FD7651}.Debug|Any CPU.Build.0 = Debug|Any CPU
		{A2DE3E0A-39D1-4EF5-B03E-5594F7FD7651}.Release|Any CPU.ActiveCfg = Release|Any CPU
		{A2DE3E0A-39D1-4EF5-B03E-5594F7FD7651}.Release|Any CPU.Build.0 = Release|Any CPU
	EndGlobalSection
	GlobalSection(SolutionProperties) = preSolution
		HideSolutionNode = FALSE
	EndGlobalSection
	GlobalSection(ExtensibilityGlobals) = postSolution
		SolutionGuid = {17442D51-AADF-4CB5-A96E-5D6DF51EF6BA}
	EndGlobalSection
EndGlobal
