
Microsoft Visual Studio Solution File, Format Version 12.00
# Visual Studio Version 17
VisualStudioVersion = 17.12.35323.107
MinimumVisualStudioVersion = 10.0.40219.1
Project("{FAE04EC0-301F-11D3-BF4B-00C04F79EFBC}") = "ConsoleAppDay4Server", "ConsoleAppDay4Server\ConsoleAppDay4Server.csproj", "{58AF4C7A-026B-40D9-A5AA-DC329FEF9DBC}"
EndProject
Project("{FAE04EC0-301F-11D3-BF4B-00C04F79EFBC}") = "DataLib", "DataLib\DataLib.csproj", "{43D6F2A4-0CFE-4AB1-A7BE-8A22537EF1A9}"
EndProject
Global
	GlobalSection(SolutionConfigurationPlatforms) = preSolution
		Debug|Any CPU = Debug|Any CPU
		Release|Any CPU = Release|Any CPU
	EndGlobalSection
	GlobalSection(ProjectConfigurationPlatforms) = postSolution
		{58AF4C7A-026B-40D9-A5AA-DC329FEF9DBC}.Debug|Any CPU.ActiveCfg = Debug|Any CPU
		{58AF4C7A-026B-40D9-A5AA-DC329FEF9DBC}.Debug|Any CPU.Build.0 = Debug|Any CPU
		{58AF4C7A-026B-40D9-A5AA-DC329FEF9DBC}.Release|Any CPU.ActiveCfg = Release|Any CPU
		{58AF4C7A-026B-40D9-A5AA-DC329FEF9DBC}.Release|Any CPU.Build.0 = Release|Any CPU
		{43D6F2A4-0CFE-4AB1-A7BE-8A22537EF1A9}.Debug|Any CPU.ActiveCfg = Debug|Any CPU
		{43D6F2A4-0CFE-4AB1-A7BE-8A22537EF1A9}.Debug|Any CPU.Build.0 = Debug|Any CPU
		{43D6F2A4-0CFE-4AB1-A7BE-8A22537EF1A9}.Release|Any CPU.ActiveCfg = Release|Any CPU
		{43D6F2A4-0CFE-4AB1-A7BE-8A22537EF1A9}.Release|Any CPU.Build.0 = Release|Any CPU
	EndGlobalSection
	GlobalSection(SolutionProperties) = preSolution
		HideSolutionNode = FALSE
	EndGlobalSection
	GlobalSection(ExtensibilityGlobals) = postSolution
		SolutionGuid = {B2566C79-554A-47EB-BD7B-D888B27BA382}
	EndGlobalSection
EndGlobal
