
Microsoft Visual Studio Solution File, Format Version 12.00
# Visual Studio Version 17
VisualStudioVersion = 17.12.35323.107
MinimumVisualStudioVersion = 10.0.40219.1
Project("{FAE04EC0-301F-11D3-BF4B-00C04F79EFBC}") = "ExampleDemo", "ExampleDemo\ExampleDemo.csproj", "{1D32824E-4CBF-45A0-BB98-E7A2A351171F}"
EndProject
Project("{FAE04EC0-301F-11D3-BF4B-00C04F79EFBC}") = "ConsoleApp1", "ConsoleApp1\ConsoleApp1.csproj", "{0DF7B262-FD64-4AD6-86CD-65BDD22BBEB4}"
EndProject
Global
	GlobalSection(SolutionConfigurationPlatforms) = preSolution
		Debug|Any CPU = Debug|Any CPU
		Release|Any CPU = Release|Any CPU
	EndGlobalSection
	GlobalSection(ProjectConfigurationPlatforms) = postSolution
		{1D32824E-4CBF-45A0-BB98-E7A2A351171F}.Debug|Any CPU.ActiveCfg = Debug|Any CPU
		{1D32824E-4CBF-45A0-BB98-E7A2A351171F}.Debug|Any CPU.Build.0 = Debug|Any CPU
		{1D32824E-4CBF-45A0-BB98-E7A2A351171F}.Release|Any CPU.ActiveCfg = Release|Any CPU
		{1D32824E-4CBF-45A0-BB98-E7A2A351171F}.Release|Any CPU.Build.0 = Release|Any CPU
		{0DF7B262-FD64-4AD6-86CD-65BDD22BBEB4}.Debug|Any CPU.ActiveCfg = Debug|Any CPU
		{0DF7B262-FD64-4AD6-86CD-65BDD22BBEB4}.Debug|Any CPU.Build.0 = Debug|Any CPU
		{0DF7B262-FD64-4AD6-86CD-65BDD22BBEB4}.Release|Any CPU.ActiveCfg = Release|Any CPU
		{0DF7B262-FD64-4AD6-86CD-65BDD22BBEB4}.Release|Any CPU.Build.0 = Release|Any CPU
	EndGlobalSection
	GlobalSection(SolutionProperties) = preSolution
		HideSolutionNode = FALSE
	EndGlobalSection
	GlobalSection(ExtensibilityGlobals) = postSolution
		SolutionGuid = {653D5920-6040-4313-A212-BC901CBA2FFC}
	EndGlobalSection
EndGlobal
