
Microsoft Visual Studio Solution File, Format Version 12.00
# Visual Studio Version 17
VisualStudioVersion = 17.11.35327.3
MinimumVisualStudioVersion = 10.0.40219.1
Project("{FAE04EC0-301F-11D3-BF4B-00C04F79EFBC}") = "PatientRecordEF", "PatientRecordEF\PatientRecordEF.csproj", "{B2182DD8-4591-4B92-936A-B9654E27D9C2}"
EndProject
Project("{FAE04EC0-301F-11D3-BF4B-00C04F79EFBC}") = "PatientRecordApiMVC", "PatientRecordApiMVC\PatientRecordApiMVC.csproj", "{59E6A125-704F-4AE6-A908-FF5F0FE6F908}"
EndProject
Global
	GlobalSection(SolutionConfigurationPlatforms) = preSolution
		Debug|Any CPU = Debug|Any CPU
		Release|Any CPU = Release|Any CPU
	EndGlobalSection
	GlobalSection(ProjectConfigurationPlatforms) = postSolution
		{B2182DD8-4591-4B92-936A-B9654E27D9C2}.Debug|Any CPU.ActiveCfg = Debug|Any CPU
		{B2182DD8-4591-4B92-936A-B9654E27D9C2}.Debug|Any CPU.Build.0 = Debug|Any CPU
		{B2182DD8-4591-4B92-936A-B9654E27D9C2}.Release|Any CPU.ActiveCfg = Release|Any CPU
		{B2182DD8-4591-4B92-936A-B9654E27D9C2}.Release|Any CPU.Build.0 = Release|Any CPU
		{59E6A125-704F-4AE6-A908-FF5F0FE6F908}.Debug|Any CPU.ActiveCfg = Debug|Any CPU
		{59E6A125-704F-4AE6-A908-FF5F0FE6F908}.Debug|Any CPU.Build.0 = Debug|Any CPU
		{59E6A125-704F-4AE6-A908-FF5F0FE6F908}.Release|Any CPU.ActiveCfg = Release|Any CPU
		{59E6A125-704F-4AE6-A908-FF5F0FE6F908}.Release|Any CPU.Build.0 = Release|Any CPU
	EndGlobalSection
	GlobalSection(SolutionProperties) = preSolution
		HideSolutionNode = FALSE
	EndGlobalSection
	GlobalSection(ExtensibilityGlobals) = postSolution
		SolutionGuid = {8A45C564-EA67-46E1-886F-A92E0F16E30B}
	EndGlobalSection
EndGlobal
